// !$*UTF8*$!
{
	archiveVersion = 1;
	classes = {
	};
	objectVersion = 52;
	objects = {

/* Begin PBXBuildFile section */
		75ACE36225C3EBE00042370F /* AppDelegate.swift in Sources */ = {isa = PBXBuildFile; fileRef = 75ACE36125C3EBE00042370F /* AppDelegate.swift */; };
		75ACE36425C3EBE00042370F /* SceneDelegate.swift in Sources */ = {isa = PBXBuildFile; fileRef = 75ACE36325C3EBE00042370F /* SceneDelegate.swift */; };
		75ACE36625C3EBE00042370F /* ViewController.swift in Sources */ = {isa = PBXBuildFile; fileRef = 75ACE36525C3EBE00042370F /* ViewController.swift */; };
		75ACE36925C3EBE00042370F /* Main.storyboard in Resources */ = {isa = PBXBuildFile; fileRef = 75ACE36725C3EBE00042370F /* Main.storyboard */; };
		75ACE36B25C3EBE10042370F /* Assets.xcassets in Resources */ = {isa = PBXBuildFile; fileRef = 75ACE36A25C3EBE10042370F /* Assets.xcassets */; };
		75ACE36E25C3EBE10042370F /* LaunchScreen.storyboard in Resources */ = {isa = PBXBuildFile; fileRef = 75ACE36C25C3EBE10042370F /* LaunchScreen.storyboard */; };
		75ACE37E25C3EC200042370F /* UrlType.swift in Sources */ = {isa = PBXBuildFile; fileRef = 75ACE37925C3EC200042370F /* UrlType.swift */; };
		75ACE37F25C3EC200042370F /* ServerError.swift in Sources */ = {isa = PBXBuildFile; fileRef = 75ACE37A25C3EC200042370F /* ServerError.swift */; };
		75ACE38025C3EC200042370F /* ModelUrl.swift in Sources */ = {isa = PBXBuildFile; fileRef = 75ACE37B25C3EC200042370F /* ModelUrl.swift */; };
		75ACE38125C3EC200042370F /* ModelUrlRequest.swift in Sources */ = {isa = PBXBuildFile; fileRef = 75ACE37C25C3EC200042370F /* ModelUrlRequest.swift */; };
		75ACE38225C3EC200042370F /* NetworkingManager.swift in Sources */ = {isa = PBXBuildFile; fileRef = 75ACE37D25C3EC200042370F /* NetworkingManager.swift */; };
		75ACE38625C3EC2C0042370F /* Topping.swift in Sources */ = {isa = PBXBuildFile; fileRef = 75ACE38525C3EC2C0042370F /* Topping.swift */; };
		75ACE38A25C3EC570042370F /* DataManager.swift in Sources */ = {isa = PBXBuildFile; fileRef = 75ACE38925C3EC570042370F /* DataManager.swift */; };
		75ACE38E25C3EC7B0042370F /* SugDataManager.swift in Sources */ = {isa = PBXBuildFile; fileRef = 75ACE38D25C3EC7B0042370F /* SugDataManager.swift */; };
		75ACE39425C3ECC50042370F /* GitHubModel.swift in Sources */ = {isa = PBXBuildFile; fileRef = 75ACE39125C3ECC50042370F /* GitHubModel.swift */; };
		75ACE39525C3ECC50042370F /* FetchGithub.swift in Sources */ = {isa = PBXBuildFile; fileRef = 75ACE39225C3ECC50042370F /* FetchGithub.swift */; };
		75ACE39625C3ECC50042370F /* GithubRequest.swift in Sources */ = {isa = PBXBuildFile; fileRef = 75ACE39325C3ECC50042370F /* GithubRequest.swift */; };
		75ACE39B25C3F2CE0042370F /* Realm in Frameworks */ = {isa = PBXBuildFile; productRef = 75ACE39A25C3F2CE0042370F /* Realm */; };
		75ACE39D25C3F2CE0042370F /* RealmSwift in Frameworks */ = {isa = PBXBuildFile; productRef = 75ACE39C25C3F2CE0042370F /* RealmSwift */; };
/* End PBXBuildFile section */

/* Begin PBXFileReference section */
		75ACE35E25C3EBE00042370F /* ExampleSOLID.app */ = {isa = PBXFileReference; explicitFileType = wrapper.application; includeInIndex = 0; path = ExampleSOLID.app; sourceTree = BUILT_PRODUCTS_DIR; };
		75ACE36125C3EBE00042370F /* AppDelegate.swift */ = {isa = PBXFileReference; lastKnownFileType = sourcecode.swift; path = AppDelegate.swift; sourceTree = "<group>"; };
		75ACE36325C3EBE00042370F /* SceneDelegate.swift */ = {isa = PBXFileReference; lastKnownFileType = sourcecode.swift; path = SceneDelegate.swift; sourceTree = "<group>"; };
		75ACE36525C3EBE00042370F /* ViewController.swift */ = {isa = PBXFileReference; lastKnownFileType = sourcecode.swift; path = ViewController.swift; sourceTree = "<group>"; };
		75ACE36825C3EBE00042370F /* Base */ = {isa = PBXFileReference; lastKnownFileType = file.storyboard; name = Base; path = Base.lproj/Main.storyboard; sourceTree = "<group>"; };
		75ACE36A25C3EBE10042370F /* Assets.xcassets */ = {isa = PBXFileReference; lastKnownFileType = folder.assetcatalog; path = Assets.xcassets; sourceTree = "<group>"; };
		75ACE36D25C3EBE10042370F /* Base */ = {isa = PBXFileReference; lastKnownFileType = file.storyboard; name = Base; path = Base.lproj/LaunchScreen.storyboard; sourceTree = "<group>"; };
		75ACE36F25C3EBE10042370F /* Info.plist */ = {isa = PBXFileReference; lastKnownFileType = text.plist.xml; path = Info.plist; sourceTree = "<group>"; };
		75ACE37925C3EC200042370F /* UrlType.swift */ = {isa = PBXFileReference; fileEncoding = 4; lastKnownFileType = sourcecode.swift; path = UrlType.swift; sourceTree = "<group>"; };
		75ACE37A25C3EC200042370F /* ServerError.swift */ = {isa = PBXFileReference; fileEncoding = 4; lastKnownFileType = sourcecode.swift; path = ServerError.swift; sourceTree = "<group>"; };
		75ACE37B25C3EC200042370F /* ModelUrl.swift */ = {isa = PBXFileReference; fileEncoding = 4; lastKnownFileType = sourcecode.swift; path = ModelUrl.swift; sourceTree = "<group>"; };
		75ACE37C25C3EC200042370F /* ModelUrlRequest.swift */ = {isa = PBXFileReference; fileEncoding = 4; lastKnownFileType = sourcecode.swift; path = ModelUrlRequest.swift; sourceTree = "<group>"; };
		75ACE37D25C3EC200042370F /* NetworkingManager.swift */ = {isa = PBXFileReference; fileEncoding = 4; lastKnownFileType = sourcecode.swift; path = NetworkingManager.swift; sourceTree = "<group>"; };
		75ACE38525C3EC2C0042370F /* Topping.swift */ = {isa = PBXFileReference; fileEncoding = 4; lastKnownFileType = sourcecode.swift; path = Topping.swift; sourceTree = "<group>"; };
		75ACE38925C3EC570042370F /* DataManager.swift */ = {isa = PBXFileReference; fileEncoding = 4; lastKnownFileType = sourcecode.swift; path = DataManager.swift; sourceTree = "<group>"; };
		75ACE38D25C3EC7B0042370F /* SugDataManager.swift */ = {isa = PBXFileReference; fileEncoding = 4; lastKnownFileType = sourcecode.swift; path = SugDataManager.swift; sourceTree = "<group>"; };
		75ACE39125C3ECC50042370F /* GitHubModel.swift */ = {isa = PBXFileReference; fileEncoding = 4; lastKnownFileType = sourcecode.swift; path = GitHubModel.swift; sourceTree = "<group>"; };
		75ACE39225C3ECC50042370F /* FetchGithub.swift */ = {isa = PBXFileReference; fileEncoding = 4; lastKnownFileType = sourcecode.swift; path = FetchGithub.swift; sourceTree = "<group>"; };
		75ACE39325C3ECC50042370F /* GithubRequest.swift */ = {isa = PBXFileReference; fileEncoding = 4; lastKnownFileType = sourcecode.swift; path = GithubRequest.swift; sourceTree = "<group>"; };
/* End PBXFileReference section */

/* Begin PBXFrameworksBuildPhase section */
		75ACE35B25C3EBE00042370F /* Frameworks */ = {
			isa = PBXFrameworksBuildPhase;
			buildActionMask = 2147483647;
			files = (
				75ACE39D25C3F2CE0042370F /* RealmSwift in Frameworks */,
				75ACE39B25C3F2CE0042370F /* Realm in Frameworks */,
			);
			runOnlyForDeploymentPostprocessing = 0;
		};
/* End PBXFrameworksBuildPhase section */

/* Begin PBXGroup section */
		75ACE35525C3EBE00042370F = {
			isa = PBXGroup;
			children = (
				75ACE36025C3EBE00042370F /* ExampleSOLID */,
				75ACE35F25C3EBE00042370F /* Products */,
			);
			sourceTree = "<group>";
		};
		75ACE35F25C3EBE00042370F /* Products */ = {
			isa = PBXGroup;
			children = (
				75ACE35E25C3EBE00042370F /* ExampleSOLID.app */,
			);
			name = Products;
			sourceTree = "<group>";
		};
		75ACE36025C3EBE00042370F /* ExampleSOLID */ = {
			isa = PBXGroup;
			children = (
				75ACE37625C3EBEA0042370F /* S.O.L.I.D. */,
				75ACE36125C3EBE00042370F /* AppDelegate.swift */,
				75ACE36325C3EBE00042370F /* SceneDelegate.swift */,
				75ACE36525C3EBE00042370F /* ViewController.swift */,
				75ACE36725C3EBE00042370F /* Main.storyboard */,
				75ACE36A25C3EBE10042370F /* Assets.xcassets */,
				75ACE36C25C3EBE10042370F /* LaunchScreen.storyboard */,
				75ACE36F25C3EBE10042370F /* Info.plist */,
			);
			path = ExampleSOLID;
			sourceTree = "<group>";
		};
		75ACE37625C3EBEA0042370F /* S.O.L.I.D. */ = {
			isa = PBXGroup;
			children = (
				75ACE37725C3EC200042370F /* Single Responsibility */,
				75ACE38425C3EC2C0042370F /* Open Closed */,
				75ACE38825C3EC570042370F /*  Liskov substitution */,
				75ACE38C25C3EC7B0042370F /* Interface segregation */,
				75ACE39025C3ECC50042370F /* Dependency inversion */,
			);
			path = S.O.L.I.D.;
			sourceTree = "<group>";
		};
		75ACE37725C3EC200042370F /* Single Responsibility */ = {
			isa = PBXGroup;
			children = (
				75ACE37825C3EC200042370F /* Model */,
				75ACE37D25C3EC200042370F /* NetworkingManager.swift */,
			);
			path = "Single Responsibility";
			sourceTree = "<group>";
		};
		75ACE37825C3EC200042370F /* Model */ = {
			isa = PBXGroup;
			children = (
				75ACE37925C3EC200042370F /* UrlType.swift */,
				75ACE37A25C3EC200042370F /* ServerError.swift */,
				75ACE37B25C3EC200042370F /* ModelUrl.swift */,
				75ACE37C25C3EC200042370F /* ModelUrlRequest.swift */,
			);
			path = Model;
			sourceTree = "<group>";
		};
		75ACE38425C3EC2C0042370F /* Open Closed */ = {
			isa = PBXGroup;
			children = (
				75ACE38525C3EC2C0042370F /* Topping.swift */,
			);
			path = "Open Closed";
			sourceTree = "<group>";
		};
		75ACE38825C3EC570042370F /*  Liskov substitution */ = {
			isa = PBXGroup;
			children = (
				75ACE38925C3EC570042370F /* DataManager.swift */,
			);
			path = " Liskov substitution";
			sourceTree = "<group>";
		};
		75ACE38C25C3EC7B0042370F /* Interface segregation */ = {
			isa = PBXGroup;
			children = (
				75ACE38D25C3EC7B0042370F /* SugDataManager.swift */,
			);
			path = "Interface segregation";
			sourceTree = "<group>";
		};
		75ACE39025C3ECC50042370F /* Dependency inversion */ = {
			isa = PBXGroup;
			children = (
				75ACE39125C3ECC50042370F /* GitHubModel.swift */,
				75ACE39225C3ECC50042370F /* FetchGithub.swift */,
				75ACE39325C3ECC50042370F /* GithubRequest.swift */,
			);
			path = "Dependency inversion";
			sourceTree = "<group>";
		};
/* End PBXGroup section */

/* Begin PBXNativeTarget section */
		75ACE35D25C3EBE00042370F /* ExampleSOLID */ = {
			isa = PBXNativeTarget;
			buildConfigurationList = 75ACE37225C3EBE10042370F /* Build configuration list for PBXNativeTarget "ExampleSOLID" */;
			buildPhases = (
				75ACE35A25C3EBE00042370F /* Sources */,
				75ACE35B25C3EBE00042370F /* Frameworks */,
				75ACE35C25C3EBE00042370F /* Resources */,
			);
			buildRules = (
			);
			dependencies = (
			);
			name = ExampleSOLID;
			packageProductDependencies = (
				75ACE39A25C3F2CE0042370F /* Realm */,
				75ACE39C25C3F2CE0042370F /* RealmSwift */,
			);
			productName = ExampleSOLID;
			productReference = 75ACE35E25C3EBE00042370F /* ExampleSOLID.app */;
			productType = "com.apple.product-type.application";
		};
/* End PBXNativeTarget section */

/* Begin PBXProject section */
		75ACE35625C3EBE00042370F /* Project object */ = {
			isa = PBXProject;
			attributes = {
				LastSwiftUpdateCheck = 1230;
				LastUpgradeCheck = 1230;
				TargetAttributes = {
					75ACE35D25C3EBE00042370F = {
						CreatedOnToolsVersion = 12.3;
					};
				};
			};
			buildConfigurationList = 75ACE35925C3EBE00042370F /* Build configuration list for PBXProject "ExampleSOLID" */;
			compatibilityVersion = "Xcode 9.3";
			developmentRegion = en;
			hasScannedForEncodings = 0;
			knownRegions = (
				en,
				Base,
			);
			mainGroup = 75ACE35525C3EBE00042370F;
			packageReferences = (
				75ACE39925C3F2CE0042370F /* XCRemoteSwiftPackageReference "realm-cocoa" */,
			);
			productRefGroup = 75ACE35F25C3EBE00042370F /* Products */;
			projectDirPath = "";
			projectRoot = "";
			targets = (
				75ACE35D25C3EBE00042370F /* ExampleSOLID */,
			);
		};
/* End PBXProject section */

/* Begin PBXResourcesBuildPhase section */
		75ACE35C25C3EBE00042370F /* Resources */ = {
			isa = PBXResourcesBuildPhase;
			buildActionMask = 2147483647;
			files = (
				75ACE36E25C3EBE10042370F /* LaunchScreen.storyboard in Resources */,
				75ACE36B25C3EBE10042370F /* Assets.xcassets in Resources */,
				75ACE36925C3EBE00042370F /* Main.storyboard in Resources */,
			);
			runOnlyForDeploymentPostprocessing = 0;
		};
/* End PBXResourcesBuildPhase section */

/* Begin PBXSourcesBuildPhase section */
		75ACE35A25C3EBE00042370F /* Sources */ = {
			isa = PBXSourcesBuildPhase;
			buildActionMask = 2147483647;
			files = (
				75ACE38625C3EC2C0042370F /* Topping.swift in Sources */,
				75ACE38A25C3EC570042370F /* DataManager.swift in Sources */,
				75ACE37F25C3EC200042370F /* ServerError.swift in Sources */,
				75ACE38E25C3EC7B0042370F /* SugDataManager.swift in Sources */,
				75ACE36625C3EBE00042370F /* ViewController.swift in Sources */,
				75ACE37E25C3EC200042370F /* UrlType.swift in Sources */,
				75ACE36225C3EBE00042370F /* AppDelegate.swift in Sources */,
				75ACE36425C3EBE00042370F /* SceneDelegate.swift in Sources */,
				75ACE39425C3ECC50042370F /* GitHubModel.swift in Sources */,
				75ACE39525C3ECC50042370F /* FetchGithub.swift in Sources */,
				75ACE39625C3ECC50042370F /* GithubRequest.swift in Sources */,
				75ACE38225C3EC200042370F /* NetworkingManager.swift in Sources */,
				75ACE38025C3EC200042370F /* ModelUrl.swift in Sources */,
				75ACE38125C3EC200042370F /* ModelUrlRequest.swift in Sources */,
			);
			runOnlyForDeploymentPostprocessing = 0;
		};
/* End PBXSourcesBuildPhase section */

/* Begin PBXVariantGroup section */
		75ACE36725C3EBE00042370F /* Main.storyboard */ = {
			isa = PBXVariantGroup;
			children = (
				75ACE36825C3EBE00042370F /* Base */,
			);
			name = Main.storyboard;
			sourceTree = "<group>";
		};
		75ACE36C25C3EBE10042370F /* LaunchScreen.storyboard */ = {
			isa = PBXVariantGroup;
			children = (
				75ACE36D25C3EBE10042370F /* Base */,
			);
			name = LaunchScreen.storyboard;
			sourceTree = "<group>";
		};
/* End PBXVariantGroup section */

/* Begin XCBuildConfiguration section */
		75ACE37025C3EBE10042370F /* Debug */ = {
			isa = XCBuildConfiguration;
			buildSettings = {
				ALWAYS_SEARCH_USER_PATHS = NO;
				CLANG_ANALYZER_NONNULL = YES;
				CLANG_ANALYZER_NUMBER_OBJECT_CONVERSION = YES_AGGRESSIVE;
				CLANG_CXX_LANGUAGE_STANDARD = "gnu++14";
				CLANG_CXX_LIBRARY = "libc++";
				CLANG_ENABLE_MODULES = YES;
				CLANG_ENABLE_OBJC_ARC = YES;
				CLANG_ENABLE_OBJC_WEAK = YES;
				CLANG_WARN_BLOCK_CAPTURE_AUTORELEASING = YES;
				CLANG_WARN_BOOL_CONVERSION = YES;
				CLANG_WARN_COMMA = YES;
				CLANG_WARN_CONSTANT_CONVERSION = YES;
				CLANG_WARN_DEPRECATED_OBJC_IMPLEMENTATIONS = YES;
				CLANG_WARN_DIRECT_OBJC_ISA_USAGE = YES_ERROR;
				CLANG_WARN_DOCUMENTATION_COMMENTS = YES;
				CLANG_WARN_EMPTY_BODY = YES;
				CLANG_WARN_ENUM_CONVERSION = YES;
				CLANG_WARN_INFINITE_RECURSION = YES;
				CLANG_WARN_INT_CONVERSION = YES;
				CLANG_WARN_NON_LITERAL_NULL_CONVERSION = YES;
				CLANG_WARN_OBJC_IMPLICIT_RETAIN_SELF = YES;
				CLANG_WARN_OBJC_LITERAL_CONVERSION = YES;
				CLANG_WARN_OBJC_ROOT_CLASS = YES_ERROR;
				CLANG_WARN_QUOTED_INCLUDE_IN_FRAMEWORK_HEADER = YES;
				CLANG_WARN_RANGE_LOOP_ANALYSIS = YES;
				CLANG_WARN_STRICT_PROTOTYPES = YES;
				CLANG_WARN_SUSPICIOUS_MOVE = YES;
				CLANG_WARN_UNGUARDED_AVAILABILITY = YES_AGGRESSIVE;
				CLANG_WARN_UNREACHABLE_CODE = YES;
				CLANG_WARN__DUPLICATE_METHOD_MATCH = YES;
				COPY_PHASE_STRIP = NO;
				DEBUG_INFORMATION_FORMAT = dwarf;
				ENABLE_STRICT_OBJC_MSGSEND = YES;
				ENABLE_TESTABILITY = YES;
				GCC_C_LANGUAGE_STANDARD = gnu11;
				GCC_DYNAMIC_NO_PIC = NO;
				GCC_NO_COMMON_BLOCKS = YES;
				GCC_OPTIMIZATION_LEVEL = 0;
				GCC_PREPROCESSOR_DEFINITIONS = (
					"DEBUG=1",
					"$(inherited)",
				);
				GCC_WARN_64_TO_32_BIT_CONVERSION = YES;
				GCC_WARN_ABOUT_RETURN_TYPE = YES_ERROR;
				GCC_WARN_UNDECLARED_SELECTOR = YES;
				GCC_WARN_UNINITIALIZED_AUTOS = YES_AGGRESSIVE;
				GCC_WARN_UNUSED_FUNCTION = YES;
				GCC_WARN_UNUSED_VARIABLE = YES;
				IPHONEOS_DEPLOYMENT_TARGET = 13.0;
				MTL_ENABLE_DEBUG_INFO = INCLUDE_SOURCE;
				MTL_FAST_MATH = YES;
				ONLY_ACTIVE_ARCH = YES;
				SDKROOT = iphoneos;
				SWIFT_ACTIVE_COMPILATION_CONDITIONS = DEBUG;
				SWIFT_OPTIMIZATION_LEVEL = "-Onone";
			};
			name = Debug;
		};
		75ACE37125C3EBE10042370F /* Release */ = {
			isa = XCBuildConfiguration;
			buildSettings = {
				ALWAYS_SEARCH_USER_PATHS = NO;
				CLANG_ANALYZER_NONNULL = YES;
				CLANG_ANALYZER_NUMBER_OBJECT_CONVERSION = YES_AGGRESSIVE;
				CLANG_CXX_LANGUAGE_STANDARD = "gnu++14";
				CLANG_CXX_LIBRARY = "libc++";
				CLANG_ENABLE_MODULES = YES;
				CLANG_ENABLE_OBJC_ARC = YES;
				CLANG_ENABLE_OBJC_WEAK = YES;
				CLANG_WARN_BLOCK_CAPTURE_AUTORELEASING = YES;
				CLANG_WARN_BOOL_CONVERSION = YES;
				CLANG_WARN_COMMA = YES;
				CLANG_WARN_CONSTANT_CONVERSION = YES;
				CLANG_WARN_DEPRECATED_OBJC_IMPLEMENTATIONS = YES;
				CLANG_WARN_DIRECT_OBJC_ISA_USAGE = YES_ERROR;
				CLANG_WARN_DOCUMENTATION_COMMENTS = YES;
				CLANG_WARN_EMPTY_BODY = YES;
				CLANG_WARN_ENUM_CONVERSION = YES;
				CLANG_WARN_INFINITE_RECURSION = YES;
				CLANG_WARN_INT_CONVERSION = YES;
				CLANG_WARN_NON_LITERAL_NULL_CONVERSION = YES;
				CLANG_WARN_OBJC_IMPLICIT_RETAIN_SELF = YES;
				CLANG_WARN_OBJC_LITERAL_CONVERSION = YES;
				CLANG_WARN_OBJC_ROOT_CLASS = YES_ERROR;
				CLANG_WARN_QUOTED_INCLUDE_IN_FRAMEWORK_HEADER = YES;
				CLANG_WARN_RANGE_LOOP_ANALYSIS = YES;
				CLANG_WARN_STRICT_PROTOTYPES = YES;
				CLANG_WARN_SUSPICIOUS_MOVE = YES;
				CLANG_WARN_UNGUARDED_AVAILABILITY = YES_AGGRESSIVE;
				CLANG_WARN_UNREACHABLE_CODE = YES;
				CLANG_WARN__DUPLICATE_METHOD_MATCH = YES;
				COPY_PHASE_STRIP = NO;
				DEBUG_INFORMATION_FORMAT = "dwarf-with-dsym";
				ENABLE_NS_ASSERTIONS = NO;
				ENABLE_STRICT_OBJC_MSGSEND = YES;
				GCC_C_LANGUAGE_STANDARD = gnu11;
				GCC_NO_COMMON_BLOCKS = YES;
				GCC_WARN_64_TO_32_BIT_CONVERSION = YES;
				GCC_WARN_ABOUT_RETURN_TYPE = YES_ERROR;
				GCC_WARN_UNDECLARED_SELECTOR = YES;
				GCC_WARN_UNINITIALIZED_AUTOS = YES_AGGRESSIVE;
				GCC_WARN_UNUSED_FUNCTION = YES;
				GCC_WARN_UNUSED_VARIABLE = YES;
				IPHONEOS_DEPLOYMENT_TARGET = 13.0;
				MTL_ENABLE_DEBUG_INFO = NO;
				MTL_FAST_MATH = YES;
				SDKROOT = iphoneos;
				SWIFT_COMPILATION_MODE = wholemodule;
				SWIFT_OPTIMIZATION_LEVEL = "-O";
				VALIDATE_PRODUCT = YES;
			};
			name = Release;
		};
		75ACE37325C3EBE10042370F /* Debug */ = {
			isa = XCBuildConfiguration;
			buildSettings = {
				ASSETCATALOG_COMPILER_APPICON_NAME = AppIcon;
				ASSETCATALOG_COMPILER_GLOBAL_ACCENT_COLOR_NAME = AccentColor;
				CODE_SIGN_STYLE = Automatic;
				DEVELOPMENT_TEAM = 2595NRQP8L;
				INFOPLIST_FILE = ExampleSOLID/Info.plist;
				LD_RUNPATH_SEARCH_PATHS = (
					"$(inherited)",
					"@executable_path/Frameworks",
				);
				PRODUCT_BUNDLE_IDENTIFIER = com.vkrotin.ExampleSOLID;
				PRODUCT_NAME = "$(TARGET_NAME)";
				SWIFT_VERSION = 5.0;
				TARGETED_DEVICE_FAMILY = "1,2";
			};
			name = Debug;
		};
		75ACE37425C3EBE10042370F /* Release */ = {
			isa = XCBuildConfiguration;
			buildSettings = {
				ASSETCATALOG_COMPILER_APPICON_NAME = AppIcon;
				ASSETCATALOG_COMPILER_GLOBAL_ACCENT_COLOR_NAME = AccentColor;
				CODE_SIGN_STYLE = Automatic;
				DEVELOPMENT_TEAM = 2595NRQP8L;
				INFOPLIST_FILE = ExampleSOLID/Info.plist;
				LD_RUNPATH_SEARCH_PATHS = (
					"$(inherited)",
					"@executable_path/Frameworks",
				);
				PRODUCT_BUNDLE_IDENTIFIER = com.vkrotin.ExampleSOLID;
				PRODUCT_NAME = "$(TARGET_NAME)";
				SWIFT_VERSION = 5.0;
				TARGETED_DEVICE_FAMILY = "1,2";
			};
			name = Release;
		};
/* End XCBuildConfiguration section */

/* Begin XCConfigurationList section */
		75ACE35925C3EBE00042370F /* Build configuration list for PBXProject "ExampleSOLID" */ = {
			isa = XCConfigurationList;
			buildConfigurations = (
				75ACE37025C3EBE10042370F /* Debug */,
				75ACE37125C3EBE10042370F /* Release */,
			);
			defaultConfigurationIsVisible = 0;
			defaultConfigurationName = Release;
		};
		75ACE37225C3EBE10042370F /* Build configuration list for PBXNativeTarget "ExampleSOLID" */ = {
			isa = XCConfigurationList;
			buildConfigurations = (
				75ACE37325C3EBE10042370F /* Debug */,
				75ACE37425C3EBE10042370F /* Release */,
			);
			defaultConfigurationIsVisible = 0;
			defaultConfigurationName = Release;
		};
/* End XCConfigurationList section */

/* Begin XCRemoteSwiftPackageReference section */
		75ACE39925C3F2CE0042370F /* XCRemoteSwiftPackageReference "realm-cocoa" */ = {
			isa = XCRemoteSwiftPackageReference;
			repositoryURL = "https://github.com/realm/realm-cocoa";
			requirement = {
				kind = upToNextMajorVersion;
				minimumVersion = 10.5.1;
			};
		};
/* End XCRemoteSwiftPackageReference section */

/* Begin XCSwiftPackageProductDependency section */
		75ACE39A25C3F2CE0042370F /* Realm */ = {
			isa = XCSwiftPackageProductDependency;
			package = 75ACE39925C3F2CE0042370F /* XCRemoteSwiftPackageReference "realm-cocoa" */;
			productName = Realm;
		};
		75ACE39C25C3F2CE0042370F /* RealmSwift */ = {
			isa = XCSwiftPackageProductDependency;
			package = 75ACE39925C3F2CE0042370F /* XCRemoteSwiftPackageReference "realm-cocoa" */;
			productName = RealmSwift;
		};
/* End XCSwiftPackageProductDependency section */
	};
	rootObject = 75ACE35625C3EBE00042370F /* Project object */;
}
